{
  "nodes": {
    "nixpkgs": {
      "locked": {
        "lastModified": 1779560665,
        "narHash": "sha256-tpyBcxPpcQb8ukyNF7DoCwfSY3VPsxHoYwj00Cayv5o=",
        "owner": "NixOS",
        "repo": "nixpkgs",
        "rev": "64c08a7ca051951c8eae34e3e3cb1e202fe36786",
        "type": "github"
      },
      "original": {
        "owner": "NixOS",
        "ref": "nixos-unstable",
        "repo": "nixpkgs",
        "type": "github"
      }
    },
    "root": {
      "inputs": {
        "nixpkgs": "nixpkgs",
        "shared-utils": "shared-utils"
      }
    },
    "shared-utils": {
      "inputs": {
        "nixpkgs": [
          "nixpkgs"
        ]
      },
      "locked": {
        "lastModified": 1781075910,
        "narHash": "sha256-ivTU2dw13+43Kdt4xUWEZrzrNc2yOWjyP67V/ii0SOA=",
        "owner": "dravengarden",
        "repo": "shared-utils",
        "rev": "9770591810df2935ef3ecf2f7f9796b32f6c0822",
        "type": "github"
      },
      "original": {
        "owner": "dravengarden",
        "repo": "shared-utils",
        "type": "github"
      }
    }
  },
  "root": "root",
  "version": 7
}
