{
  "nodes": {
    "nixpkgs": {
      "locked": {
        "lastModified": 1779560665,
        "narHash": "sha256-tpyBcxPpcQb8ukyNF7DoCwfSY3VPsxHoYwj00Cayv5o=",
        "owner": "NixOS",
        "repo": "nixpkgs",
        "rev": "64c08a7ca051951c8eae34e3e3cb1e202fe36786",
        "type": "github"
      },
      "original": {
        "owner": "NixOS",
        "ref": "nixos-unstable",
        "repo": "nixpkgs",
        "type": "github"
      }
    },
    "root": {
      "inputs": {
        "nixpkgs": "nixpkgs",
        "rust-overlay": "rust-overlay",
        "shared-utils": "shared-utils"
      }
    },
    "rust-overlay": {
      "inputs": {
        "nixpkgs": [
          "nixpkgs"
        ]
      },
      "locked": {
        "lastModified": 1786076960,
        "narHash": "sha256-jfR6OhwurCKn1tREyfOcK/Omxf1Q/DzDDFbnEr1mBLs=",
        "owner": "oxalica",
        "repo": "rust-overlay",
        "rev": "57a23bfaf4f7017267294b161175db1e32eb1c85",
        "type": "github"
      },
      "original": {
        "owner": "oxalica",
        "repo": "rust-overlay",
        "type": "github"
      }
    },
    "shared-utils": {
      "inputs": {
        "nixpkgs": [
          "nixpkgs"
        ]
      },
      "locked": {
        "lastModified": 1786555972,
        "narHash": "sha256-5OM96lsJUu0FEDoIcPfWzHfMWRwxfpZ70aZPR625Jv0=",
        "ref": "refs/heads/main",
        "rev": "4b59cc74564e95693d810bc45b31292fa283404b",
        "revCount": 164,
        "type": "git",
        "url": "ssh://git@github.com/dravengarden/shared-utils.git"
      },
      "original": {
        "ref": "refs/heads/main",
        "type": "git",
        "url": "ssh://git@github.com/dravengarden/shared-utils.git"
      }
    }
  },
  "root": "root",
  "version": 7
}
